
Microsoft Visual Studio Solution File, Format Version 12.00
# Visual Studio Version 17
VisualStudioVersion = 17.7.34003.232
MinimumVisualStudioVersion = 10.0.40219.1
Project("{8BC9CEB8-8B4A-11D0-8D11-00A0C91BC942}") = "3d Raylib Practice", "3d Raylib Practice\3d Raylib Practice.vcxproj", "{6DC8425C-FF0E-40FE-8A94-47E50A97823D}"
EndProject
Global
	GlobalSection(SolutionConfigurationPlatforms) = preSolution
		Debug|x64 = Debug|x64
		Debug|x86 = Debug|x86
		Release|x64 = Release|x64
		Release|x86 = Release|x86
	EndGlobalSection
	GlobalSection(ProjectConfigurationPlatforms) = postSolution
		{6DC8425C-FF0E-40FE-8A94-47E50A97823D}.Debug|x64.ActiveCfg = Debug|x64
		{6DC8425C-FF0E-40FE-8A94-47E50A97823D}.Debug|x64.Build.0 = Debug|x64
		{6DC8425C-FF0E-40FE-8A94-47E50A97823D}.Debug|x86.ActiveCfg = Debug|Win32
		{6DC8425C-FF0E-40FE-8A94-47E50A97823D}.Debug|x86.Build.0 = Debug|Win32
		{6DC8425C-FF0E-40FE-8A94-47E50A97823D}.Release|x64.ActiveCfg = Release|x64
		{6DC8425C-FF0E-40FE-8A94-47E50A97823D}.Release|x64.Build.0 = Release|x64
		{6DC8425C-FF0E-40FE-8A94-47E50A97823D}.Release|x86.ActiveCfg = Release|Win32
		{6DC8425C-FF0E-40FE-8A94-47E50A97823D}.Release|x86.Build.0 = Release|Win32
	EndGlobalSection
	GlobalSection(SolutionProperties) = preSolution
		HideSolutionNode = FALSE
	EndGlobalSection
	GlobalSection(ExtensibilityGlobals) = postSolution
		SolutionGuid = {57651FD2-814F-46D9-A5B7-8D9AE4C692ED}
	EndGlobalSection
EndGlobal
